// !$*UTF8*$!
{
	archiveVersion = 1;
	classes = {
	};
	objectVersion = 46;
	objects = {

/* Begin PBXBuildFile section */
		2CEC22A41AA5F557003C46E2 /* AppDelegate.swift in Sources */ = {isa = PBXBuildFile; fileRef = 2CEC22A31AA5F557003C46E2 /* AppDelegate.swift */; };
		2CEC22A71AA5F557003C46E2 /* Gam_Insa.xcdatamodeld in Sources */ = {isa = PBXBuildFile; fileRef = 2CEC22A51AA5F557003C46E2 /* Gam_Insa.xcdatamodeld */; };
		2CEC22A91AA5F557003C46E2 /* ViewController.swift in Sources */ = {isa = PBXBuildFile; fileRef = 2CEC22A81AA5F557003C46E2 /* ViewController.swift */; };
		2CEC22AC1AA5F557003C46E2 /* Main.storyboard in Resources */ = {isa = PBXBuildFile; fileRef = 2CEC22AA1AA5F557003C46E2 /* Main.storyboard */; };
		2CEC22AE1AA5F557003C46E2 /* Images.xcassets in Resources */ = {isa = PBXBuildFile; fileRef = 2CEC22AD1AA5F557003C46E2 /* Images.xcassets */; };
		2CEC22B11AA5F557003C46E2 /* LaunchScreen.xib in Resources */ = {isa = PBXBuildFile; fileRef = 2CEC22AF1AA5F557003C46E2 /* LaunchScreen.xib */; };
		2CEC22BD1AA5F557003C46E2 /* Gam_InsaTests.swift in Sources */ = {isa = PBXBuildFile; fileRef = 2CEC22BC1AA5F557003C46E2 /* Gam_InsaTests.swift */; };
		2CEC22D71AA64550003C46E2 /* Case.swift in Sources */ = {isa = PBXBuildFile; fileRef = 2CEC22D51AA64550003C46E2 /* Case.swift */; };
		2CEC22D81AA64550003C46E2 /* Player.swift in Sources */ = {isa = PBXBuildFile; fileRef = 2CEC22D61AA64550003C46E2 /* Player.swift */; };
/* End PBXBuildFile section */

/* Begin PBXContainerItemProxy section */
		2CEC22B71AA5F557003C46E2 /* PBXContainerItemProxy */ = {
			isa = PBXContainerItemProxy;
			containerPortal = 2CEC22961AA5F557003C46E2 /* Project object */;
			proxyType = 1;
			remoteGlobalIDString = 2CEC229D1AA5F557003C46E2;
			remoteInfo = "Gam'Insa";
		};
/* End PBXContainerItemProxy section */

/* Begin PBXFileReference section */
		2CEC229E1AA5F557003C46E2 /* Gam'Insa.app */ = {isa = PBXFileReference; explicitFileType = wrapper.application; includeInIndex = 0; path = "Gam'Insa.app"; sourceTree = BUILT_PRODUCTS_DIR; };
		2CEC22A21AA5F557003C46E2 /* Info.plist */ = {isa = PBXFileReference; lastKnownFileType = text.plist.xml; path = Info.plist; sourceTree = "<group>"; };
		2CEC22A31AA5F557003C46E2 /* AppDelegate.swift */ = {isa = PBXFileReference; lastKnownFileType = sourcecode.swift; path = AppDelegate.swift; sourceTree = "<group>"; };
		2CEC22A61AA5F557003C46E2 /* Gam_Insa.xcdatamodel */ = {isa = PBXFileReference; lastKnownFileType = wrapper.xcdatamodel; path = Gam_Insa.xcdatamodel; sourceTree = "<group>"; };
		2CEC22A81AA5F557003C46E2 /* ViewController.swift */ = {isa = PBXFileReference; lastKnownFileType = sourcecode.swift; path = ViewController.swift; sourceTree = "<group>"; };
		2CEC22AB1AA5F557003C46E2 /* Base */ = {isa = PBXFileReference; lastKnownFileType = file.storyboard; name = Base; path = Base.lproj/Main.storyboard; sourceTree = "<group>"; };
		2CEC22AD1AA5F557003C46E2 /* Images.xcassets */ = {isa = PBXFileReference; lastKnownFileType = folder.assetcatalog; path = Images.xcassets; sourceTree = "<group>"; };
		2CEC22B01AA5F557003C46E2 /* Base */ = {isa = PBXFileReference; lastKnownFileType = file.xib; name = Base; path = Base.lproj/LaunchScreen.xib; sourceTree = "<group>"; };
		2CEC22B61AA5F557003C46E2 /* Gam'InsaTests.xctest */ = {isa = PBXFileReference; explicitFileType = wrapper.cfbundle; includeInIndex = 0; path = "Gam'InsaTests.xctest"; sourceTree = BUILT_PRODUCTS_DIR; };
		2CEC22BB1AA5F557003C46E2 /* Info.plist */ = {isa = PBXFileReference; lastKnownFileType = text.plist.xml; path = Info.plist; sourceTree = "<group>"; };
		2CEC22BC1AA5F557003C46E2 /* Gam_InsaTests.swift */ = {isa = PBXFileReference; lastKnownFileType = sourcecode.swift; path = Gam_InsaTests.swift; sourceTree = "<group>"; };
		2CEC22D51AA64550003C46E2 /* Case.swift */ = {isa = PBXFileReference; fileEncoding = 4; lastKnownFileType = sourcecode.swift; path = Case.swift; sourceTree = "<group>"; };
		2CEC22D61AA64550003C46E2 /* Player.swift */ = {isa = PBXFileReference; fileEncoding = 4; lastKnownFileType = sourcecode.swift; path = Player.swift; sourceTree = "<group>"; };
/* End PBXFileReference section */

/* Begin PBXFrameworksBuildPhase section */
		2CEC229B1AA5F557003C46E2 /* Frameworks */ = {
			isa = PBXFrameworksBuildPhase;
			buildActionMask = 2147483647;
			files = (
			);
			runOnlyForDeploymentPostprocessing = 0;
		};
		2CEC22B31AA5F557003C46E2 /* Frameworks */ = {
			isa = PBXFrameworksBuildPhase;
			buildActionMask = 2147483647;
			files = (
			);
			runOnlyForDeploymentPostprocessing = 0;
		};
/* End PBXFrameworksBuildPhase section */

/* Begin PBXGroup section */
		2CEC22951AA5F557003C46E2 = {
			isa = PBXGroup;
			children = (
				2CEC22A01AA5F557003C46E2 /* Gam'Insa */,
				2CEC22B91AA5F557003C46E2 /* Gam'InsaTests */,
				2CEC229F1AA5F557003C46E2 /* Products */,
			);
			sourceTree = "<group>";
		};
		2CEC229F1AA5F557003C46E2 /* Products */ = {
			isa = PBXGroup;
			children = (
				2CEC229E1AA5F557003C46E2 /* Gam'Insa.app */,
				2CEC22B61AA5F557003C46E2 /* Gam'InsaTests.xctest */,
			);
			name = Products;
			sourceTree = "<group>";
		};
		2CEC22A01AA5F557003C46E2 /* Gam'Insa */ = {
			isa = PBXGroup;
			children = (
				2CEC22D51AA64550003C46E2 /* Case.swift */,
				2CEC22D61AA64550003C46E2 /* Player.swift */,
				2CEC22A31AA5F557003C46E2 /* AppDelegate.swift */,
				2CEC22A81AA5F557003C46E2 /* ViewController.swift */,
				2CEC22AA1AA5F557003C46E2 /* Main.storyboard */,
				2CEC22C61AA5FF12003C46E2 /* img */,
				2CEC22AD1AA5F557003C46E2 /* Images.xcassets */,
				2CEC22AF1AA5F557003C46E2 /* LaunchScreen.xib */,
				2CEC22A51AA5F557003C46E2 /* Gam_Insa.xcdatamodeld */,
				2CEC22A11AA5F557003C46E2 /* Supporting Files */,
			);
			path = "Gam'Insa";
			sourceTree = "<group>";
		};
		2CEC22A11AA5F557003C46E2 /* Supporting Files */ = {
			isa = PBXGroup;
			children = (
				2CEC22A21AA5F557003C46E2 /* Info.plist */,
			);
			name = "Supporting Files";
			sourceTree = "<group>";
		};
		2CEC22B91AA5F557003C46E2 /* Gam'InsaTests */ = {
			isa = PBXGroup;
			children = (
				2CEC22BC1AA5F557003C46E2 /* Gam_InsaTests.swift */,
				2CEC22BA1AA5F557003C46E2 /* Supporting Files */,
			);
			path = "Gam'InsaTests";
			sourceTree = "<group>";
		};
		2CEC22BA1AA5F557003C46E2 /* Supporting Files */ = {
			isa = PBXGroup;
			children = (
				2CEC22BB1AA5F557003C46E2 /* Info.plist */,
			);
			name = "Supporting Files";
			sourceTree = "<group>";
		};
		2CEC22C61AA5FF12003C46E2 /* img */ = {
			isa = PBXGroup;
			children = (
			);
			path = img;
			sourceTree = "<group>";
		};
/* End PBXGroup section */

/* Begin PBXNativeTarget section */
		2CEC229D1AA5F557003C46E2 /* Gam'Insa */ = {
			isa = PBXNativeTarget;
			buildConfigurationList = 2CEC22C01AA5F557003C46E2 /* Build configuration list for PBXNativeTarget "Gam'Insa" */;
			buildPhases = (
				2CEC229A1AA5F557003C46E2 /* Sources */,
				2CEC229B1AA5F557003C46E2 /* Frameworks */,
				2CEC229C1AA5F557003C46E2 /* Resources */,
			);
			buildRules = (
			);
			dependencies = (
			);
			name = "Gam'Insa";
			productName = "Gam'Insa";
			productReference = 2CEC229E1AA5F557003C46E2 /* Gam'Insa.app */;
			productType = "com.apple.product-type.application";
		};
		2CEC22B51AA5F557003C46E2 /* Gam'InsaTests */ = {
			isa = PBXNativeTarget;
			buildConfigurationList = 2CEC22C31AA5F557003C46E2 /* Build configuration list for PBXNativeTarget "Gam'InsaTests" */;
			buildPhases = (
				2CEC22B21AA5F557003C46E2 /* Sources */,
				2CEC22B31AA5F557003C46E2 /* Frameworks */,
				2CEC22B41AA5F557003C46E2 /* Resources */,
			);
			buildRules = (
			);
			dependencies = (
				2CEC22B81AA5F557003C46E2 /* PBXTargetDependency */,
			);
			name = "Gam'InsaTests";
			productName = "Gam'InsaTests";
			productReference = 2CEC22B61AA5F557003C46E2 /* Gam'InsaTests.xctest */;
			productType = "com.apple.product-type.bundle.unit-test";
		};
/* End PBXNativeTarget section */

/* Begin PBXProject section */
		2CEC22961AA5F557003C46E2 /* Project object */ = {
			isa = PBXProject;
			attributes = {
				LastUpgradeCheck = 0610;
				ORGANIZATIONNAME = "Tom Giraudet";
				TargetAttributes = {
					2CEC229D1AA5F557003C46E2 = {
						CreatedOnToolsVersion = 6.1.1;
					};
					2CEC22B51AA5F557003C46E2 = {
						CreatedOnToolsVersion = 6.1.1;
						TestTargetID = 2CEC229D1AA5F557003C46E2;
					};
				};
			};
			buildConfigurationList = 2CEC22991AA5F557003C46E2 /* Build configuration list for PBXProject "Gam'Insa" */;
			compatibilityVersion = "Xcode 3.2";
			developmentRegion = English;
			hasScannedForEncodings = 0;
			knownRegions = (
				en,
				Base,
			);
			mainGroup = 2CEC22951AA5F557003C46E2;
			productRefGroup = 2CEC229F1AA5F557003C46E2 /* Products */;
			projectDirPath = "";
			projectRoot = "";
			targets = (
				2CEC229D1AA5F557003C46E2 /* Gam'Insa */,
				2CEC22B51AA5F557003C46E2 /* Gam'InsaTests */,
			);
		};
/* End PBXProject section */

/* Begin PBXResourcesBuildPhase section */
		2CEC229C1AA5F557003C46E2 /* Resources */ = {
			isa = PBXResourcesBuildPhase;
			buildActionMask = 2147483647;
			files = (
				2CEC22AC1AA5F557003C46E2 /* Main.storyboard in Resources */,
				2CEC22B11AA5F557003C46E2 /* LaunchScreen.xib in Resources */,
				2CEC22AE1AA5F557003C46E2 /* Images.xcassets in Resources */,
			);
			runOnlyForDeploymentPostprocessing = 0;
		};
		2CEC22B41AA5F557003C46E2 /* Resources */ = {
			isa = PBXResourcesBuildPhase;
			buildActionMask = 2147483647;
			files = (
			);
			runOnlyForDeploymentPostprocessing = 0;
		};
/* End PBXResourcesBuildPhase section */

/* Begin PBXSourcesBuildPhase section */
		2CEC229A1AA5F557003C46E2 /* Sources */ = {
			isa = PBXSourcesBuildPhase;
			buildActionMask = 2147483647;
			files = (
				2CEC22A91AA5F557003C46E2 /* ViewController.swift in Sources */,
				2CEC22D71AA64550003C46E2 /* Case.swift in Sources */,
				2CEC22A71AA5F557003C46E2 /* Gam_Insa.xcdatamodeld in Sources */,
				2CEC22D81AA64550003C46E2 /* Player.swift in Sources */,
				2CEC22A41AA5F557003C46E2 /* AppDelegate.swift in Sources */,
			);
			runOnlyForDeploymentPostprocessing = 0;
		};
		2CEC22B21AA5F557003C46E2 /* Sources */ = {
			isa = PBXSourcesBuildPhase;
			buildActionMask = 2147483647;
			files = (
				2CEC22BD1AA5F557003C46E2 /* Gam_InsaTests.swift in Sources */,
			);
			runOnlyForDeploymentPostprocessing = 0;
		};
/* End PBXSourcesBuildPhase section */

/* Begin PBXTargetDependency section */
		2CEC22B81AA5F557003C46E2 /* PBXTargetDependency */ = {
			isa = PBXTargetDependency;
			target = 2CEC229D1AA5F557003C46E2 /* Gam'Insa */;
			targetProxy = 2CEC22B71AA5F557003C46E2 /* PBXContainerItemProxy */;
		};
/* End PBXTargetDependency section */

/* Begin PBXVariantGroup section */
		2CEC22AA1AA5F557003C46E2 /* Main.storyboard */ = {
			isa = PBXVariantGroup;
			children = (
				2CEC22AB1AA5F557003C46E2 /* Base */,
			);
			name = Main.storyboard;
			sourceTree = "<group>";
		};
		2CEC22AF1AA5F557003C46E2 /* LaunchScreen.xib */ = {
			isa = PBXVariantGroup;
			children = (
				2CEC22B01AA5F557003C46E2 /* Base */,
			);
			name = LaunchScreen.xib;
			sourceTree = "<group>";
		};
/* End PBXVariantGroup section */

/* Begin XCBuildConfiguration section */
		2CEC22BE1AA5F557003C46E2 /* Debug */ = {
			isa = XCBuildConfiguration;
			buildSettings = {
				ALWAYS_SEARCH_USER_PATHS = NO;
				CLANG_CXX_LANGUAGE_STANDARD = "gnu++0x";
				CLANG_CXX_LIBRARY = "libc++";
				CLANG_ENABLE_MODULES = YES;
				CLANG_ENABLE_OBJC_ARC = YES;
				CLANG_WARN_BOOL_CONVERSION = YES;
				CLANG_WARN_CONSTANT_CONVERSION = YES;
				CLANG_WARN_DIRECT_OBJC_ISA_USAGE = YES_ERROR;
				CLANG_WARN_EMPTY_BODY = YES;
				CLANG_WARN_ENUM_CONVERSION = YES;
				CLANG_WARN_INT_CONVERSION = YES;
				CLANG_WARN_OBJC_ROOT_CLASS = YES_ERROR;
				CLANG_WARN_UNREACHABLE_CODE = YES;
				CLANG_WARN__DUPLICATE_METHOD_MATCH = YES;
				"CODE_SIGN_IDENTITY[sdk=iphoneos*]" = "iPhone Developer";
				COPY_PHASE_STRIP = NO;
				ENABLE_STRICT_OBJC_MSGSEND = YES;
				GCC_C_LANGUAGE_STANDARD = gnu99;
				GCC_DYNAMIC_NO_PIC = NO;
				GCC_OPTIMIZATION_LEVEL = 0;
				GCC_PREPROCESSOR_DEFINITIONS = (
					"DEBUG=1",
					"$(inherited)",
				);
				GCC_SYMBOLS_PRIVATE_EXTERN = NO;
				GCC_WARN_64_TO_32_BIT_CONVERSION = YES;
				GCC_WARN_ABOUT_RETURN_TYPE = YES_ERROR;
				GCC_WARN_UNDECLARED_SELECTOR = YES;
				GCC_WARN_UNINITIALIZED_AUTOS = YES_AGGRESSIVE;
				GCC_WARN_UNUSED_FUNCTION = YES;
				GCC_WARN_UNUSED_VARIABLE = YES;
				IPHONEOS_DEPLOYMENT_TARGET = 8.1;
				MTL_ENABLE_DEBUG_INFO = YES;
				ONLY_ACTIVE_ARCH = YES;
				SDKROOT = iphoneos;
				SWIFT_OPTIMIZATION_LEVEL = "-Onone";
			};
			name = Debug;
		};
		2CEC22BF1AA5F557003C46E2 /* Release */ = {
			isa = XCBuildConfiguration;
			buildSettings = {
				ALWAYS_SEARCH_USER_PATHS = NO;
				CLANG_CXX_LANGUAGE_STANDARD = "gnu++0x";
				CLANG_CXX_LIBRARY = "libc++";
				CLANG_ENABLE_MODULES = YES;
				CLANG_ENABLE_OBJC_ARC = YES;
				CLANG_WARN_BOOL_CONVERSION = YES;
				CLANG_WARN_CONSTANT_CONVERSION = YES;
				CLANG_WARN_DIRECT_OBJC_ISA_USAGE = YES_ERROR;
				CLANG_WARN_EMPTY_BODY = YES;
				CLANG_WARN_ENUM_CONVERSION = YES;
				CLANG_WARN_INT_CONVERSION = YES;
				CLANG_WARN_OBJC_ROOT_CLASS = YES_ERROR;
				CLANG_WARN_UNREACHABLE_CODE = YES;
				CLANG_WARN__DUPLICATE_METHOD_MATCH = YES;
				"CODE_SIGN_IDENTITY[sdk=iphoneos*]" = "iPhone Developer";
				COPY_PHASE_STRIP = YES;
				ENABLE_NS_ASSERTIONS = NO;
				ENABLE_STRICT_OBJC_MSGSEND = YES;
				GCC_C_LANGUAGE_STANDARD = gnu99;
				GCC_WARN_64_TO_32_BIT_CONVERSION = YES;
				GCC_WARN_ABOUT_RETURN_TYPE = YES_ERROR;
				GCC_WARN_UNDECLARED_SELECTOR = YES;
				GCC_WARN_UNINITIALIZED_AUTOS = YES_AGGRESSIVE;
				GCC_WARN_UNUSED_FUNCTION = YES;
				GCC_WARN_UNUSED_VARIABLE = YES;
				IPHONEOS_DEPLOYMENT_TARGET = 8.1;
				MTL_ENABLE_DEBUG_INFO = NO;
				SDKROOT = iphoneos;
				VALIDATE_PRODUCT = YES;
			};
			name = Release;
		};
		2CEC22C11AA5F557003C46E2 /* Debug */ = {
			isa = XCBuildConfiguration;
			buildSettings = {
				ASSETCATALOG_COMPILER_APPICON_NAME = AppIcon;
				INFOPLIST_FILE = "Gam'Insa/Info.plist";
				LD_RUNPATH_SEARCH_PATHS = "$(inherited) @executable_path/Frameworks";
				PRODUCT_NAME = "$(TARGET_NAME)";
			};
			name = Debug;
		};
		2CEC22C21AA5F557003C46E2 /* Release */ = {
			isa = XCBuildConfiguration;
			buildSettings = {
				ASSETCATALOG_COMPILER_APPICON_NAME = AppIcon;
				INFOPLIST_FILE = "Gam'Insa/Info.plist";
				LD_RUNPATH_SEARCH_PATHS = "$(inherited) @executable_path/Frameworks";
				PRODUCT_NAME = "$(TARGET_NAME)";
			};
			name = Release;
		};
		2CEC22C41AA5F557003C46E2 /* Debug */ = {
			isa = XCBuildConfiguration;
			buildSettings = {
				BUNDLE_LOADER = "$(TEST_HOST)";
				FRAMEWORK_SEARCH_PATHS = (
					"$(SDKROOT)/Developer/Library/Frameworks",
					"$(inherited)",
				);
				GCC_PREPROCESSOR_DEFINITIONS = (
					"DEBUG=1",
					"$(inherited)",
				);
				INFOPLIST_FILE = "Gam'InsaTests/Info.plist";
				LD_RUNPATH_SEARCH_PATHS = "$(inherited) @executable_path/Frameworks @loader_path/Frameworks";
				PRODUCT_NAME = "$(TARGET_NAME)";
				TEST_HOST = "$(BUILT_PRODUCTS_DIR)/Gam'Insa.app/Gam'Insa";
			};
			name = Debug;
		};
		2CEC22C51AA5F557003C46E2 /* Release */ = {
			isa = XCBuildConfiguration;
			buildSettings = {
				BUNDLE_LOADER = "$(TEST_HOST)";
				FRAMEWORK_SEARCH_PATHS = (
					"$(SDKROOT)/Developer/Library/Frameworks",
					"$(inherited)",
				);
				INFOPLIST_FILE = "Gam'InsaTests/Info.plist";
				LD_RUNPATH_SEARCH_PATHS = "$(inherited) @executable_path/Frameworks @loader_path/Frameworks";
				PRODUCT_NAME = "$(TARGET_NAME)";
				TEST_HOST = "$(BUILT_PRODUCTS_DIR)/Gam'Insa.app/Gam'Insa";
			};
			name = Release;
		};
/* End XCBuildConfiguration section */

/* Begin XCConfigurationList section */
		2CEC22991AA5F557003C46E2 /* Build configuration list for PBXProject "Gam'Insa" */ = {
			isa = XCConfigurationList;
			buildConfigurations = (
				2CEC22BE1AA5F557003C46E2 /* Debug */,
				2CEC22BF1AA5F557003C46E2 /* Release */,
			);
			defaultConfigurationIsVisible = 0;
			defaultConfigurationName = Release;
		};
		2CEC22C01AA5F557003C46E2 /* Build configuration list for PBXNativeTarget "Gam'Insa" */ = {
			isa = XCConfigurationList;
			buildConfigurations = (
				2CEC22C11AA5F557003C46E2 /* Debug */,
				2CEC22C21AA5F557003C46E2 /* Release */,
			);
			defaultConfigurationIsVisible = 0;
			defaultConfigurationName = Release;
		};
		2CEC22C31AA5F557003C46E2 /* Build configuration list for PBXNativeTarget "Gam'InsaTests" */ = {
			isa = XCConfigurationList;
			buildConfigurations = (
				2CEC22C41AA5F557003C46E2 /* Debug */,
				2CEC22C51AA5F557003C46E2 /* Release */,
			);
			defaultConfigurationIsVisible = 0;
			defaultConfigurationName = Release;
		};
/* End XCConfigurationList section */

/* Begin XCVersionGroup section */
		2CEC22A51AA5F557003C46E2 /* Gam_Insa.xcdatamodeld */ = {
			isa = XCVersionGroup;
			children = (
				2CEC22A61AA5F557003C46E2 /* Gam_Insa.xcdatamodel */,
			);
			currentVersion = 2CEC22A61AA5F557003C46E2 /* Gam_Insa.xcdatamodel */;
			path = Gam_Insa.xcdatamodeld;
			sourceTree = "<group>";
			versionGroupType = wrapper.xcdatamodel;
		};
/* End XCVersionGroup section */
	};
	rootObject = 2CEC22961AA5F557003C46E2 /* Project object */;
}
