// !$*UTF8*$!
{
	archiveVersion = 1;
	classes = {
	};
	objectVersion = 46;
	objects = {

/* Begin PBXBuildFile section */
		2C132C081AADA0A4001BCBD3 /* TicTacToc.swift in Sources */ = {isa = PBXBuildFile; fileRef = 2C132C071AADA0A4001BCBD3 /* TicTacToc.swift */; };
		2C132C0A1AADA7BF001BCBD3 /* SoloMode.swift in Sources */ = {isa = PBXBuildFile; fileRef = 2C132C091AADA7BF001BCBD3 /* SoloMode.swift */; };
		2C132C0C1AADAE2C001BCBD3 /* SoloModeLevelSelection.swift in Sources */ = {isa = PBXBuildFile; fileRef = 2C132C0B1AADAE2C001BCBD3 /* SoloModeLevelSelection.swift */; };
		2C245F511AB2058B00DC9160 /* MultiModeHome.swift in Sources */ = {isa = PBXBuildFile; fileRef = 2C245F501AB2058B00DC9160 /* MultiModeHome.swift */; };
		2C245F531AB20A0B00DC9160 /* GeneralView.swift in Sources */ = {isa = PBXBuildFile; fileRef = 2C245F521AB20A0B00DC9160 /* GeneralView.swift */; };
		2C245F581AB21E1100DC9160 /* Phosphate.ttc in Resources */ = {isa = PBXBuildFile; fileRef = 2C245F571AB21E1100DC9160 /* Phosphate.ttc */; };
		2C5B63D41AAB426C00CE463D /* reset.png in Resources */ = {isa = PBXBuildFile; fileRef = 2C5B63D21AAB426C00CE463D /* reset.png */; };
		2C5B63D51AAB426C00CE463D /* settings.png in Resources */ = {isa = PBXBuildFile; fileRef = 2C5B63D31AAB426C00CE463D /* settings.png */; };
		2C5B63D71AAC961D00CE463D /* SettingsView.swift in Sources */ = {isa = PBXBuildFile; fileRef = 2C5B63D61AAC961D00CE463D /* SettingsView.swift */; };
		2C5B63DB1AAC9C7600CE463D /* SettingsCreerPartie.png in Resources */ = {isa = PBXBuildFile; fileRef = 2C5B63D81AAC9C7600CE463D /* SettingsCreerPartie.png */; };
		2C5B63DC1AAC9C7600CE463D /* SettingsModeDuo.png in Resources */ = {isa = PBXBuildFile; fileRef = 2C5B63D91AAC9C7600CE463D /* SettingsModeDuo.png */; };
		2C5B63DD1AAC9C7600CE463D /* SettingsProfil.png in Resources */ = {isa = PBXBuildFile; fileRef = 2C5B63DA1AAC9C7600CE463D /* SettingsProfil.png */; };
		2C5B63DF1AACA28600CE463D /* SettingsDuoView.swift in Sources */ = {isa = PBXBuildFile; fileRef = 2C5B63DE1AACA28600CE463D /* SettingsDuoView.swift */; };
		2C5B63E11AACA31E00CE463D /* back.png in Resources */ = {isa = PBXBuildFile; fileRef = 2C5B63E01AACA31E00CE463D /* back.png */; };
		2C5B63E31AACA49C00CE463D /* SettingsQuitterPartie.png in Resources */ = {isa = PBXBuildFile; fileRef = 2C5B63E21AACA49C00CE463D /* SettingsQuitterPartie.png */; };
		2C5C30181AAE28E500E5792C /* icon_29px.png in Resources */ = {isa = PBXBuildFile; fileRef = 2C5C30141AAE28E500E5792C /* icon_29px.png */; };
		2C5C30191AAE28E500E5792C /* icon_40px.png in Resources */ = {isa = PBXBuildFile; fileRef = 2C5C30151AAE28E500E5792C /* icon_40px.png */; };
		2C5C301A1AAE28E500E5792C /* icon_60px.png in Resources */ = {isa = PBXBuildFile; fileRef = 2C5C30161AAE28E500E5792C /* icon_60px.png */; };
		2C5C301B1AAE28E500E5792C /* icon_full_size.png in Resources */ = {isa = PBXBuildFile; fileRef = 2C5C30171AAE28E500E5792C /* icon_full_size.png */; };
		2CA715BF1AAE2B1C00148351 /* icon_58px.png in Resources */ = {isa = PBXBuildFile; fileRef = 2CA715BA1AAE2B1C00148351 /* icon_58px.png */; };
		2CA715C01AAE2B1C00148351 /* icon_80px.png in Resources */ = {isa = PBXBuildFile; fileRef = 2CA715BB1AAE2B1C00148351 /* icon_80px.png */; };
		2CA715C11AAE2B1C00148351 /* icon_87px.png in Resources */ = {isa = PBXBuildFile; fileRef = 2CA715BC1AAE2B1C00148351 /* icon_87px.png */; };
		2CA715C21AAE2B1C00148351 /* icon_120px.png in Resources */ = {isa = PBXBuildFile; fileRef = 2CA715BD1AAE2B1C00148351 /* icon_120px.png */; };
		2CA715C31AAE2B1C00148351 /* icon_180px.png in Resources */ = {isa = PBXBuildFile; fileRef = 2CA715BE1AAE2B1C00148351 /* icon_180px.png */; };
		2CA715C51AAF2E3700148351 /* launch_game.png in Resources */ = {isa = PBXBuildFile; fileRef = 2CA715C41AAF2E3700148351 /* launch_game.png */; };
		2CA715C71AAF93F000148351 /* choisis_ton_mode_de_jeu.png in Resources */ = {isa = PBXBuildFile; fileRef = 2CA715C61AAF93F000148351 /* choisis_ton_mode_de_jeu.png */; };
		2CEC22A41AA5F557003C46E2 /* AppDelegate.swift in Sources */ = {isa = PBXBuildFile; fileRef = 2CEC22A31AA5F557003C46E2 /* AppDelegate.swift */; };
		2CEC22A71AA5F557003C46E2 /* Gam_Insa.xcdatamodeld in Sources */ = {isa = PBXBuildFile; fileRef = 2CEC22A51AA5F557003C46E2 /* Gam_Insa.xcdatamodeld */; };
		2CEC22A91AA5F557003C46E2 /* DuoMode.swift in Sources */ = {isa = PBXBuildFile; fileRef = 2CEC22A81AA5F557003C46E2 /* DuoMode.swift */; };
		2CEC22AC1AA5F557003C46E2 /* Main.storyboard in Resources */ = {isa = PBXBuildFile; fileRef = 2CEC22AA1AA5F557003C46E2 /* Main.storyboard */; };
		2CEC22AE1AA5F557003C46E2 /* Images.xcassets in Resources */ = {isa = PBXBuildFile; fileRef = 2CEC22AD1AA5F557003C46E2 /* Images.xcassets */; };
		2CEC22B11AA5F557003C46E2 /* LaunchScreen.xib in Resources */ = {isa = PBXBuildFile; fileRef = 2CEC22AF1AA5F557003C46E2 /* LaunchScreen.xib */; };
		2CEC22BD1AA5F557003C46E2 /* Gam_InsaTests.swift in Sources */ = {isa = PBXBuildFile; fileRef = 2CEC22BC1AA5F557003C46E2 /* Gam_InsaTests.swift */; };
		2CEC22D71AA64550003C46E2 /* Case.swift in Sources */ = {isa = PBXBuildFile; fileRef = 2CEC22D51AA64550003C46E2 /* Case.swift */; };
		2CEC22D81AA64550003C46E2 /* Player.swift in Sources */ = {isa = PBXBuildFile; fileRef = 2CEC22D61AA64550003C46E2 /* Player.swift */; };
		811E74511AA8D0290056DC43 /* Titre.png in Resources */ = {isa = PBXBuildFile; fileRef = 811E74501AA8D0290056DC43 /* Titre.png */; };
		811E74531AA8D27A0056DC43 /* background.png in Resources */ = {isa = PBXBuildFile; fileRef = 811E74521AA8D27A0056DC43 /* background.png */; };
		811E74591AA8E2D60056DC43 /* Matrix.swift in Sources */ = {isa = PBXBuildFile; fileRef = 811E74581AA8E2D60056DC43 /* Matrix.swift */; };
		813698561AA9DE1B003CEC61 /* Grid.png in Resources */ = {isa = PBXBuildFile; fileRef = 813698551AA9DE1B003CEC61 /* Grid.png */; };
		81B7EEB31AAB94E0008611DA /* O_black.png in Resources */ = {isa = PBXBuildFile; fileRef = 81B7EEAF1AAB94E0008611DA /* O_black.png */; };
		81B7EEB41AAB94E0008611DA /* O_white.png in Resources */ = {isa = PBXBuildFile; fileRef = 81B7EEB01AAB94E0008611DA /* O_white.png */; };
		81B7EEB51AAB94E0008611DA /* X_black.png in Resources */ = {isa = PBXBuildFile; fileRef = 81B7EEB11AAB94E0008611DA /* X_black.png */; };
		81B7EEB61AAB94E0008611DA /* X_white.png in Resources */ = {isa = PBXBuildFile; fileRef = 81B7EEB21AAB94E0008611DA /* X_white.png */; };
		81B7EEBA1AAB9BCC008611DA /* ModeView.swift in Sources */ = {isa = PBXBuildFile; fileRef = 81B7EEB91AAB9BCC008611DA /* ModeView.swift */; };
		81B7EEBE1AAB9D69008611DA /* duo.png in Resources */ = {isa = PBXBuildFile; fileRef = 81B7EEBB1AAB9D69008611DA /* duo.png */; };
		81B7EEBF1AAB9D69008611DA /* multijoueur.png in Resources */ = {isa = PBXBuildFile; fileRef = 81B7EEBC1AAB9D69008611DA /* multijoueur.png */; };
		81B7EEC01AAB9D69008611DA /* solo.png in Resources */ = {isa = PBXBuildFile; fileRef = 81B7EEBD1AAB9D69008611DA /* solo.png */; };
/* End PBXBuildFile section */

/* Begin PBXContainerItemProxy section */
		2CEC22B71AA5F557003C46E2 /* PBXContainerItemProxy */ = {
			isa = PBXContainerItemProxy;
			containerPortal = 2CEC22961AA5F557003C46E2 /* Project object */;
			proxyType = 1;
			remoteGlobalIDString = 2CEC229D1AA5F557003C46E2;
			remoteInfo = "Gam'Insa";
		};
/* End PBXContainerItemProxy section */

/* Begin PBXFileReference section */
		2C132C071AADA0A4001BCBD3 /* TicTacToc.swift */ = {isa = PBXFileReference; fileEncoding = 4; lastKnownFileType = sourcecode.swift; path = TicTacToc.swift; sourceTree = "<group>"; };
		2C132C091AADA7BF001BCBD3 /* SoloMode.swift */ = {isa = PBXFileReference; fileEncoding = 4; lastKnownFileType = sourcecode.swift; path = SoloMode.swift; sourceTree = "<group>"; };
		2C132C0B1AADAE2C001BCBD3 /* SoloModeLevelSelection.swift */ = {isa = PBXFileReference; fileEncoding = 4; lastKnownFileType = sourcecode.swift; path = SoloModeLevelSelection.swift; sourceTree = "<group>"; };
		2C245F501AB2058B00DC9160 /* MultiModeHome.swift */ = {isa = PBXFileReference; fileEncoding = 4; lastKnownFileType = sourcecode.swift; path = MultiModeHome.swift; sourceTree = "<group>"; };
		2C245F521AB20A0B00DC9160 /* GeneralView.swift */ = {isa = PBXFileReference; fileEncoding = 4; lastKnownFileType = sourcecode.swift; path = GeneralView.swift; sourceTree = "<group>"; };
		2C245F571AB21E1100DC9160 /* Phosphate.ttc */ = {isa = PBXFileReference; lastKnownFileType = file; path = Phosphate.ttc; sourceTree = "<group>"; };
		2C5B63D21AAB426C00CE463D /* reset.png */ = {isa = PBXFileReference; lastKnownFileType = image.png; path = reset.png; sourceTree = "<group>"; };
		2C5B63D31AAB426C00CE463D /* settings.png */ = {isa = PBXFileReference; lastKnownFileType = image.png; path = settings.png; sourceTree = "<group>"; };
		2C5B63D61AAC961D00CE463D /* SettingsView.swift */ = {isa = PBXFileReference; fileEncoding = 4; lastKnownFileType = sourcecode.swift; path = SettingsView.swift; sourceTree = "<group>"; };
		2C5B63D81AAC9C7600CE463D /* SettingsCreerPartie.png */ = {isa = PBXFileReference; lastKnownFileType = image.png; path = SettingsCreerPartie.png; sourceTree = "<group>"; };
		2C5B63D91AAC9C7600CE463D /* SettingsModeDuo.png */ = {isa = PBXFileReference; lastKnownFileType = image.png; path = SettingsModeDuo.png; sourceTree = "<group>"; };
		2C5B63DA1AAC9C7600CE463D /* SettingsProfil.png */ = {isa = PBXFileReference; lastKnownFileType = image.png; path = SettingsProfil.png; sourceTree = "<group>"; };
		2C5B63DE1AACA28600CE463D /* SettingsDuoView.swift */ = {isa = PBXFileReference; fileEncoding = 4; lastKnownFileType = sourcecode.swift; path = SettingsDuoView.swift; sourceTree = "<group>"; };
		2C5B63E01AACA31E00CE463D /* back.png */ = {isa = PBXFileReference; lastKnownFileType = image.png; path = back.png; sourceTree = "<group>"; };
		2C5B63E21AACA49C00CE463D /* SettingsQuitterPartie.png */ = {isa = PBXFileReference; lastKnownFileType = image.png; path = SettingsQuitterPartie.png; sourceTree = "<group>"; };
		2C5C30141AAE28E500E5792C /* icon_29px.png */ = {isa = PBXFileReference; lastKnownFileType = image.png; path = icon_29px.png; sourceTree = "<group>"; };
		2C5C30151AAE28E500E5792C /* icon_40px.png */ = {isa = PBXFileReference; lastKnownFileType = image.png; path = icon_40px.png; sourceTree = "<group>"; };
		2C5C30161AAE28E500E5792C /* icon_60px.png */ = {isa = PBXFileReference; lastKnownFileType = image.png; path = icon_60px.png; sourceTree = "<group>"; };
		2C5C30171AAE28E500E5792C /* icon_full_size.png */ = {isa = PBXFileReference; lastKnownFileType = image.png; path = icon_full_size.png; sourceTree = "<group>"; };
		2CA715BA1AAE2B1C00148351 /* icon_58px.png */ = {isa = PBXFileReference; lastKnownFileType = image.png; path = icon_58px.png; sourceTree = "<group>"; };
		2CA715BB1AAE2B1C00148351 /* icon_80px.png */ = {isa = PBXFileReference; lastKnownFileType = image.png; path = icon_80px.png; sourceTree = "<group>"; };
		2CA715BC1AAE2B1C00148351 /* icon_87px.png */ = {isa = PBXFileReference; lastKnownFileType = image.png; path = icon_87px.png; sourceTree = "<group>"; };
		2CA715BD1AAE2B1C00148351 /* icon_120px.png */ = {isa = PBXFileReference; lastKnownFileType = image.png; path = icon_120px.png; sourceTree = "<group>"; };
		2CA715BE1AAE2B1C00148351 /* icon_180px.png */ = {isa = PBXFileReference; lastKnownFileType = image.png; path = icon_180px.png; sourceTree = "<group>"; };
		2CA715C41AAF2E3700148351 /* launch_game.png */ = {isa = PBXFileReference; lastKnownFileType = image.png; path = launch_game.png; sourceTree = "<group>"; };
		2CA715C61AAF93F000148351 /* choisis_ton_mode_de_jeu.png */ = {isa = PBXFileReference; lastKnownFileType = image.png; path = choisis_ton_mode_de_jeu.png; sourceTree = "<group>"; };
		2CEC229E1AA5F557003C46E2 /* Gam'Insa.app */ = {isa = PBXFileReference; explicitFileType = wrapper.application; includeInIndex = 0; path = "Gam'Insa.app"; sourceTree = BUILT_PRODUCTS_DIR; };
		2CEC22A21AA5F557003C46E2 /* Info.plist */ = {isa = PBXFileReference; lastKnownFileType = text.plist.xml; path = Info.plist; sourceTree = "<group>"; };
		2CEC22A31AA5F557003C46E2 /* AppDelegate.swift */ = {isa = PBXFileReference; lastKnownFileType = sourcecode.swift; path = AppDelegate.swift; sourceTree = "<group>"; };
		2CEC22A61AA5F557003C46E2 /* Gam_Insa.xcdatamodel */ = {isa = PBXFileReference; lastKnownFileType = wrapper.xcdatamodel; path = Gam_Insa.xcdatamodel; sourceTree = "<group>"; };
		2CEC22A81AA5F557003C46E2 /* DuoMode.swift */ = {isa = PBXFileReference; lastKnownFileType = sourcecode.swift; path = DuoMode.swift; sourceTree = "<group>"; };
		2CEC22AB1AA5F557003C46E2 /* Base */ = {isa = PBXFileReference; lastKnownFileType = file.storyboard; name = Base; path = Base.lproj/Main.storyboard; sourceTree = "<group>"; };
		2CEC22AD1AA5F557003C46E2 /* Images.xcassets */ = {isa = PBXFileReference; lastKnownFileType = folder.assetcatalog; path = Images.xcassets; sourceTree = "<group>"; };
		2CEC22B01AA5F557003C46E2 /* Base */ = {isa = PBXFileReference; lastKnownFileType = file.xib; name = Base; path = Base.lproj/LaunchScreen.xib; sourceTree = "<group>"; };
		2CEC22B61AA5F557003C46E2 /* Gam'InsaTests.xctest */ = {isa = PBXFileReference; explicitFileType = wrapper.cfbundle; includeInIndex = 0; path = "Gam'InsaTests.xctest"; sourceTree = BUILT_PRODUCTS_DIR; };
		2CEC22BB1AA5F557003C46E2 /* Info.plist */ = {isa = PBXFileReference; lastKnownFileType = text.plist.xml; path = Info.plist; sourceTree = "<group>"; };
		2CEC22BC1AA5F557003C46E2 /* Gam_InsaTests.swift */ = {isa = PBXFileReference; lastKnownFileType = sourcecode.swift; path = Gam_InsaTests.swift; sourceTree = "<group>"; };
		2CEC22D51AA64550003C46E2 /* Case.swift */ = {isa = PBXFileReference; fileEncoding = 4; lastKnownFileType = sourcecode.swift; path = Case.swift; sourceTree = "<group>"; };
		2CEC22D61AA64550003C46E2 /* Player.swift */ = {isa = PBXFileReference; fileEncoding = 4; lastKnownFileType = sourcecode.swift; path = Player.swift; sourceTree = "<group>"; };
		811E74501AA8D0290056DC43 /* Titre.png */ = {isa = PBXFileReference; lastKnownFileType = image.png; path = Titre.png; sourceTree = "<group>"; };
		811E74521AA8D27A0056DC43 /* background.png */ = {isa = PBXFileReference; lastKnownFileType = image.png; path = background.png; sourceTree = "<group>"; };
		811E74581AA8E2D60056DC43 /* Matrix.swift */ = {isa = PBXFileReference; fileEncoding = 4; lastKnownFileType = sourcecode.swift; path = Matrix.swift; sourceTree = "<group>"; };
		813698551AA9DE1B003CEC61 /* Grid.png */ = {isa = PBXFileReference; lastKnownFileType = image.png; path = Grid.png; sourceTree = "<group>"; };
		81B7EEAF1AAB94E0008611DA /* O_black.png */ = {isa = PBXFileReference; lastKnownFileType = image.png; path = O_black.png; sourceTree = "<group>"; };
		81B7EEB01AAB94E0008611DA /* O_white.png */ = {isa = PBXFileReference; lastKnownFileType = image.png; path = O_white.png; sourceTree = "<group>"; };
		81B7EEB11AAB94E0008611DA /* X_black.png */ = {isa = PBXFileReference; lastKnownFileType = image.png; path = X_black.png; sourceTree = "<group>"; };
		81B7EEB21AAB94E0008611DA /* X_white.png */ = {isa = PBXFileReference; lastKnownFileType = image.png; path = X_white.png; sourceTree = "<group>"; };
		81B7EEB91AAB9BCC008611DA /* ModeView.swift */ = {isa = PBXFileReference; fileEncoding = 4; lastKnownFileType = sourcecode.swift; name = ModeView.swift; path = ../ModeView.swift; sourceTree = "<group>"; };
		81B7EEBB1AAB9D69008611DA /* duo.png */ = {isa = PBXFileReference; lastKnownFileType = image.png; path = duo.png; sourceTree = "<group>"; };
		81B7EEBC1AAB9D69008611DA /* multijoueur.png */ = {isa = PBXFileReference; lastKnownFileType = image.png; path = multijoueur.png; sourceTree = "<group>"; };
		81B7EEBD1AAB9D69008611DA /* solo.png */ = {isa = PBXFileReference; lastKnownFileType = image.png; path = solo.png; sourceTree = "<group>"; };
/* End PBXFileReference section */

/* Begin PBXFrameworksBuildPhase section */
		2CEC229B1AA5F557003C46E2 /* Frameworks */ = {
			isa = PBXFrameworksBuildPhase;
			buildActionMask = 2147483647;
			files = (
			);
			runOnlyForDeploymentPostprocessing = 0;
		};
		2CEC22B31AA5F557003C46E2 /* Frameworks */ = {
			isa = PBXFrameworksBuildPhase;
			buildActionMask = 2147483647;
			files = (
			);
			runOnlyForDeploymentPostprocessing = 0;
		};
/* End PBXFrameworksBuildPhase section */

/* Begin PBXGroup section */
		2CEC22951AA5F557003C46E2 = {
			isa = PBXGroup;
			children = (
				2CEC22A01AA5F557003C46E2 /* Gam'Insa */,
				2CEC22B91AA5F557003C46E2 /* Gam'InsaTests */,
				2CEC229F1AA5F557003C46E2 /* Products */,
			);
			sourceTree = "<group>";
		};
		2CEC229F1AA5F557003C46E2 /* Products */ = {
			isa = PBXGroup;
			children = (
				2CEC229E1AA5F557003C46E2 /* Gam'Insa.app */,
				2CEC22B61AA5F557003C46E2 /* Gam'InsaTests.xctest */,
			);
			name = Products;
			sourceTree = "<group>";
		};
		2CEC22A01AA5F557003C46E2 /* Gam'Insa */ = {
			isa = PBXGroup;
			children = (
				2C245F521AB20A0B00DC9160 /* GeneralView.swift */,
				811E74581AA8E2D60056DC43 /* Matrix.swift */,
				2C245F501AB2058B00DC9160 /* MultiModeHome.swift */,
				2CEC22D51AA64550003C46E2 /* Case.swift */,
				2C132C071AADA0A4001BCBD3 /* TicTacToc.swift */,
				2CEC22D61AA64550003C46E2 /* Player.swift */,
				2CEC22A31AA5F557003C46E2 /* AppDelegate.swift */,
				2C245F571AB21E1100DC9160 /* Phosphate.ttc */,
				81B7EEB91AAB9BCC008611DA /* ModeView.swift */,
				2C132C091AADA7BF001BCBD3 /* SoloMode.swift */,
				2C132C0B1AADAE2C001BCBD3 /* SoloModeLevelSelection.swift */,
				2CEC22A81AA5F557003C46E2 /* DuoMode.swift */,
				2C5B63D61AAC961D00CE463D /* SettingsView.swift */,
				2C5B63DE1AACA28600CE463D /* SettingsDuoView.swift */,
				2CEC22AA1AA5F557003C46E2 /* Main.storyboard */,
				2CEC22C61AA5FF12003C46E2 /* img */,
				2CEC22AD1AA5F557003C46E2 /* Images.xcassets */,
				2CEC22AF1AA5F557003C46E2 /* LaunchScreen.xib */,
				2CEC22A51AA5F557003C46E2 /* Gam_Insa.xcdatamodeld */,
				2CEC22A11AA5F557003C46E2 /* Supporting Files */,
			);
			path = "Gam'Insa";
			sourceTree = "<group>";
		};
		2CEC22A11AA5F557003C46E2 /* Supporting Files */ = {
			isa = PBXGroup;
			children = (
				2CEC22A21AA5F557003C46E2 /* Info.plist */,
			);
			name = "Supporting Files";
			sourceTree = "<group>";
		};
		2CEC22B91AA5F557003C46E2 /* Gam'InsaTests */ = {
			isa = PBXGroup;
			children = (
				2CEC22BC1AA5F557003C46E2 /* Gam_InsaTests.swift */,
				2CEC22BA1AA5F557003C46E2 /* Supporting Files */,
			);
			path = "Gam'InsaTests";
			sourceTree = "<group>";
		};
		2CEC22BA1AA5F557003C46E2 /* Supporting Files */ = {
			isa = PBXGroup;
			children = (
				2CEC22BB1AA5F557003C46E2 /* Info.plist */,
			);
			name = "Supporting Files";
			sourceTree = "<group>";
		};
		2CEC22C61AA5FF12003C46E2 /* img */ = {
			isa = PBXGroup;
			children = (
				2CA715C61AAF93F000148351 /* choisis_ton_mode_de_jeu.png */,
				2CA715C41AAF2E3700148351 /* launch_game.png */,
				2CA715BA1AAE2B1C00148351 /* icon_58px.png */,
				2CA715BB1AAE2B1C00148351 /* icon_80px.png */,
				2CA715BC1AAE2B1C00148351 /* icon_87px.png */,
				2CA715BD1AAE2B1C00148351 /* icon_120px.png */,
				2CA715BE1AAE2B1C00148351 /* icon_180px.png */,
				2C5C30141AAE28E500E5792C /* icon_29px.png */,
				2C5C30151AAE28E500E5792C /* icon_40px.png */,
				2C5C30161AAE28E500E5792C /* icon_60px.png */,
				2C5C30171AAE28E500E5792C /* icon_full_size.png */,
				2C5B63E21AACA49C00CE463D /* SettingsQuitterPartie.png */,
				2C5B63E01AACA31E00CE463D /* back.png */,
				2C5B63D81AAC9C7600CE463D /* SettingsCreerPartie.png */,
				2C5B63D91AAC9C7600CE463D /* SettingsModeDuo.png */,
				2C5B63DA1AAC9C7600CE463D /* SettingsProfil.png */,
				81B7EEBB1AAB9D69008611DA /* duo.png */,
				81B7EEBC1AAB9D69008611DA /* multijoueur.png */,
				81B7EEBD1AAB9D69008611DA /* solo.png */,
				81B7EEAF1AAB94E0008611DA /* O_black.png */,
				81B7EEB01AAB94E0008611DA /* O_white.png */,
				81B7EEB11AAB94E0008611DA /* X_black.png */,
				81B7EEB21AAB94E0008611DA /* X_white.png */,
				2C5B63D21AAB426C00CE463D /* reset.png */,
				2C5B63D31AAB426C00CE463D /* settings.png */,
				813698551AA9DE1B003CEC61 /* Grid.png */,
				811E74521AA8D27A0056DC43 /* background.png */,
				811E74501AA8D0290056DC43 /* Titre.png */,
			);
			path = img;
			sourceTree = "<group>";
		};
/* End PBXGroup section */

/* Begin PBXNativeTarget section */
		2CEC229D1AA5F557003C46E2 /* Gam'Insa */ = {
			isa = PBXNativeTarget;
			buildConfigurationList = 2CEC22C01AA5F557003C46E2 /* Build configuration list for PBXNativeTarget "Gam'Insa" */;
			buildPhases = (
				2CEC229A1AA5F557003C46E2 /* Sources */,
				2CEC229B1AA5F557003C46E2 /* Frameworks */,
				2CEC229C1AA5F557003C46E2 /* Resources */,
			);
			buildRules = (
			);
			dependencies = (
			);
			name = "Gam'Insa";
			productName = "Gam'Insa";
			productReference = 2CEC229E1AA5F557003C46E2 /* Gam'Insa.app */;
			productType = "com.apple.product-type.application";
		};
		2CEC22B51AA5F557003C46E2 /* Gam'InsaTests */ = {
			isa = PBXNativeTarget;
			buildConfigurationList = 2CEC22C31AA5F557003C46E2 /* Build configuration list for PBXNativeTarget "Gam'InsaTests" */;
			buildPhases = (
				2CEC22B21AA5F557003C46E2 /* Sources */,
				2CEC22B31AA5F557003C46E2 /* Frameworks */,
				2CEC22B41AA5F557003C46E2 /* Resources */,
			);
			buildRules = (
			);
			dependencies = (
				2CEC22B81AA5F557003C46E2 /* PBXTargetDependency */,
			);
			name = "Gam'InsaTests";
			productName = "Gam'InsaTests";
			productReference = 2CEC22B61AA5F557003C46E2 /* Gam'InsaTests.xctest */;
			productType = "com.apple.product-type.bundle.unit-test";
		};
/* End PBXNativeTarget section */

/* Begin PBXProject section */
		2CEC22961AA5F557003C46E2 /* Project object */ = {
			isa = PBXProject;
			attributes = {
				LastUpgradeCheck = 0610;
				ORGANIZATIONNAME = "Tom Giraudet";
				TargetAttributes = {
					2CEC229D1AA5F557003C46E2 = {
						CreatedOnToolsVersion = 6.1.1;
					};
					2CEC22B51AA5F557003C46E2 = {
						CreatedOnToolsVersion = 6.1.1;
						TestTargetID = 2CEC229D1AA5F557003C46E2;
					};
				};
			};
			buildConfigurationList = 2CEC22991AA5F557003C46E2 /* Build configuration list for PBXProject "Gam'Insa" */;
			compatibilityVersion = "Xcode 3.2";
			developmentRegion = English;
			hasScannedForEncodings = 0;
			knownRegions = (
				en,
				Base,
			);
			mainGroup = 2CEC22951AA5F557003C46E2;
			productRefGroup = 2CEC229F1AA5F557003C46E2 /* Products */;
			projectDirPath = "";
			projectRoot = "";
			targets = (
				2CEC229D1AA5F557003C46E2 /* Gam'Insa */,
				2CEC22B51AA5F557003C46E2 /* Gam'InsaTests */,
			);
		};
/* End PBXProject section */

/* Begin PBXResourcesBuildPhase section */
		2CEC229C1AA5F557003C46E2 /* Resources */ = {
			isa = PBXResourcesBuildPhase;
			buildActionMask = 2147483647;
			files = (
				2CA715C21AAE2B1C00148351 /* icon_120px.png in Resources */,
				2C5B63D41AAB426C00CE463D /* reset.png in Resources */,
				2C5B63DB1AAC9C7600CE463D /* SettingsCreerPartie.png in Resources */,
				2C5C301B1AAE28E500E5792C /* icon_full_size.png in Resources */,
				813698561AA9DE1B003CEC61 /* Grid.png in Resources */,
				2C5B63DC1AAC9C7600CE463D /* SettingsModeDuo.png in Resources */,
				2C5C30191AAE28E500E5792C /* icon_40px.png in Resources */,
				811E74531AA8D27A0056DC43 /* background.png in Resources */,
				2CEC22AC1AA5F557003C46E2 /* Main.storyboard in Resources */,
				2CA715C01AAE2B1C00148351 /* icon_80px.png in Resources */,
				2CA715C11AAE2B1C00148351 /* icon_87px.png in Resources */,
				81B7EEB31AAB94E0008611DA /* O_black.png in Resources */,
				2CA715C51AAF2E3700148351 /* launch_game.png in Resources */,
				81B7EEB41AAB94E0008611DA /* O_white.png in Resources */,
				2CA715C71AAF93F000148351 /* choisis_ton_mode_de_jeu.png in Resources */,
				2CA715C31AAE2B1C00148351 /* icon_180px.png in Resources */,
				2CA715BF1AAE2B1C00148351 /* icon_58px.png in Resources */,
				2C5B63E31AACA49C00CE463D /* SettingsQuitterPartie.png in Resources */,
				2C245F581AB21E1100DC9160 /* Phosphate.ttc in Resources */,
				2C5C30181AAE28E500E5792C /* icon_29px.png in Resources */,
				81B7EEB61AAB94E0008611DA /* X_white.png in Resources */,
				81B7EEB51AAB94E0008611DA /* X_black.png in Resources */,
				2C5B63D51AAB426C00CE463D /* settings.png in Resources */,
				2CEC22B11AA5F557003C46E2 /* LaunchScreen.xib in Resources */,
				2C5B63E11AACA31E00CE463D /* back.png in Resources */,
				811E74511AA8D0290056DC43 /* Titre.png in Resources */,
				81B7EEC01AAB9D69008611DA /* solo.png in Resources */,
				2C5C301A1AAE28E500E5792C /* icon_60px.png in Resources */,
				2C5B63DD1AAC9C7600CE463D /* SettingsProfil.png in Resources */,
				81B7EEBF1AAB9D69008611DA /* multijoueur.png in Resources */,
				2CEC22AE1AA5F557003C46E2 /* Images.xcassets in Resources */,
				81B7EEBE1AAB9D69008611DA /* duo.png in Resources */,
			);
			runOnlyForDeploymentPostprocessing = 0;
		};
		2CEC22B41AA5F557003C46E2 /* Resources */ = {
			isa = PBXResourcesBuildPhase;
			buildActionMask = 2147483647;
			files = (
			);
			runOnlyForDeploymentPostprocessing = 0;
		};
/* End PBXResourcesBuildPhase section */

/* Begin PBXSourcesBuildPhase section */
		2CEC229A1AA5F557003C46E2 /* Sources */ = {
			isa = PBXSourcesBuildPhase;
			buildActionMask = 2147483647;
			files = (
				2CEC22A91AA5F557003C46E2 /* DuoMode.swift in Sources */,
				2C5B63D71AAC961D00CE463D /* SettingsView.swift in Sources */,
				2CEC22D71AA64550003C46E2 /* Case.swift in Sources */,
				2C132C0C1AADAE2C001BCBD3 /* SoloModeLevelSelection.swift in Sources */,
				2C132C0A1AADA7BF001BCBD3 /* SoloMode.swift in Sources */,
				811E74591AA8E2D60056DC43 /* Matrix.swift in Sources */,
				2C132C081AADA0A4001BCBD3 /* TicTacToc.swift in Sources */,
				2C245F531AB20A0B00DC9160 /* GeneralView.swift in Sources */,
				2CEC22A71AA5F557003C46E2 /* Gam_Insa.xcdatamodeld in Sources */,
				2C245F511AB2058B00DC9160 /* MultiModeHome.swift in Sources */,
				2CEC22D81AA64550003C46E2 /* Player.swift in Sources */,
				81B7EEBA1AAB9BCC008611DA /* ModeView.swift in Sources */,
				2C5B63DF1AACA28600CE463D /* SettingsDuoView.swift in Sources */,
				2CEC22A41AA5F557003C46E2 /* AppDelegate.swift in Sources */,
			);
			runOnlyForDeploymentPostprocessing = 0;
		};
		2CEC22B21AA5F557003C46E2 /* Sources */ = {
			isa = PBXSourcesBuildPhase;
			buildActionMask = 2147483647;
			files = (
				2CEC22BD1AA5F557003C46E2 /* Gam_InsaTests.swift in Sources */,
			);
			runOnlyForDeploymentPostprocessing = 0;
		};
/* End PBXSourcesBuildPhase section */

/* Begin PBXTargetDependency section */
		2CEC22B81AA5F557003C46E2 /* PBXTargetDependency */ = {
			isa = PBXTargetDependency;
			target = 2CEC229D1AA5F557003C46E2 /* Gam'Insa */;
			targetProxy = 2CEC22B71AA5F557003C46E2 /* PBXContainerItemProxy */;
		};
/* End PBXTargetDependency section */

/* Begin PBXVariantGroup section */
		2CEC22AA1AA5F557003C46E2 /* Main.storyboard */ = {
			isa = PBXVariantGroup;
			children = (
				2CEC22AB1AA5F557003C46E2 /* Base */,
			);
			name = Main.storyboard;
			sourceTree = "<group>";
		};
		2CEC22AF1AA5F557003C46E2 /* LaunchScreen.xib */ = {
			isa = PBXVariantGroup;
			children = (
				2CEC22B01AA5F557003C46E2 /* Base */,
			);
			name = LaunchScreen.xib;
			sourceTree = "<group>";
		};
/* End PBXVariantGroup section */

/* Begin XCBuildConfiguration section */
		2CEC22BE1AA5F557003C46E2 /* Debug */ = {
			isa = XCBuildConfiguration;
			buildSettings = {
				ALWAYS_SEARCH_USER_PATHS = NO;
				CLANG_CXX_LANGUAGE_STANDARD = "gnu++0x";
				CLANG_CXX_LIBRARY = "libc++";
				CLANG_ENABLE_MODULES = YES;
				CLANG_ENABLE_OBJC_ARC = YES;
				CLANG_WARN_BOOL_CONVERSION = YES;
				CLANG_WARN_CONSTANT_CONVERSION = YES;
				CLANG_WARN_DIRECT_OBJC_ISA_USAGE = YES_ERROR;
				CLANG_WARN_EMPTY_BODY = YES;
				CLANG_WARN_ENUM_CONVERSION = YES;
				CLANG_WARN_INT_CONVERSION = YES;
				CLANG_WARN_OBJC_ROOT_CLASS = YES_ERROR;
				CLANG_WARN_UNREACHABLE_CODE = YES;
				CLANG_WARN__DUPLICATE_METHOD_MATCH = YES;
				"CODE_SIGN_IDENTITY[sdk=iphoneos*]" = "iPhone Developer";
				COPY_PHASE_STRIP = NO;
				ENABLE_STRICT_OBJC_MSGSEND = YES;
				GCC_C_LANGUAGE_STANDARD = gnu99;
				GCC_DYNAMIC_NO_PIC = NO;
				GCC_OPTIMIZATION_LEVEL = 0;
				GCC_PREPROCESSOR_DEFINITIONS = (
					"DEBUG=1",
					"$(inherited)",
				);
				GCC_SYMBOLS_PRIVATE_EXTERN = NO;
				GCC_WARN_64_TO_32_BIT_CONVERSION = YES;
				GCC_WARN_ABOUT_RETURN_TYPE = YES_ERROR;
				GCC_WARN_UNDECLARED_SELECTOR = YES;
				GCC_WARN_UNINITIALIZED_AUTOS = YES_AGGRESSIVE;
				GCC_WARN_UNUSED_FUNCTION = YES;
				GCC_WARN_UNUSED_VARIABLE = YES;
				IPHONEOS_DEPLOYMENT_TARGET = 8.1;
				MTL_ENABLE_DEBUG_INFO = YES;
				ONLY_ACTIVE_ARCH = YES;
				SDKROOT = iphoneos;
				SWIFT_OPTIMIZATION_LEVEL = "-Onone";
			};
			name = Debug;
		};
		2CEC22BF1AA5F557003C46E2 /* Release */ = {
			isa = XCBuildConfiguration;
			buildSettings = {
				ALWAYS_SEARCH_USER_PATHS = NO;
				CLANG_CXX_LANGUAGE_STANDARD = "gnu++0x";
				CLANG_CXX_LIBRARY = "libc++";
				CLANG_ENABLE_MODULES = YES;
				CLANG_ENABLE_OBJC_ARC = YES;
				CLANG_WARN_BOOL_CONVERSION = YES;
				CLANG_WARN_CONSTANT_CONVERSION = YES;
				CLANG_WARN_DIRECT_OBJC_ISA_USAGE = YES_ERROR;
				CLANG_WARN_EMPTY_BODY = YES;
				CLANG_WARN_ENUM_CONVERSION = YES;
				CLANG_WARN_INT_CONVERSION = YES;
				CLANG_WARN_OBJC_ROOT_CLASS = YES_ERROR;
				CLANG_WARN_UNREACHABLE_CODE = YES;
				CLANG_WARN__DUPLICATE_METHOD_MATCH = YES;
				"CODE_SIGN_IDENTITY[sdk=iphoneos*]" = "iPhone Developer";
				COPY_PHASE_STRIP = YES;
				ENABLE_NS_ASSERTIONS = NO;
				ENABLE_STRICT_OBJC_MSGSEND = YES;
				GCC_C_LANGUAGE_STANDARD = gnu99;
				GCC_WARN_64_TO_32_BIT_CONVERSION = YES;
				GCC_WARN_ABOUT_RETURN_TYPE = YES_ERROR;
				GCC_WARN_UNDECLARED_SELECTOR = YES;
				GCC_WARN_UNINITIALIZED_AUTOS = YES_AGGRESSIVE;
				GCC_WARN_UNUSED_FUNCTION = YES;
				GCC_WARN_UNUSED_VARIABLE = YES;
				IPHONEOS_DEPLOYMENT_TARGET = 8.1;
				MTL_ENABLE_DEBUG_INFO = NO;
				SDKROOT = iphoneos;
				VALIDATE_PRODUCT = YES;
			};
			name = Release;
		};
		2CEC22C11AA5F557003C46E2 /* Debug */ = {
			isa = XCBuildConfiguration;
			buildSettings = {
				ASSETCATALOG_COMPILER_APPICON_NAME = AppIcon;
				INFOPLIST_FILE = "Gam'Insa/Info.plist";
				LD_RUNPATH_SEARCH_PATHS = "$(inherited) @executable_path/Frameworks";
				PRODUCT_NAME = "$(TARGET_NAME)";
			};
			name = Debug;
		};
		2CEC22C21AA5F557003C46E2 /* Release */ = {
			isa = XCBuildConfiguration;
			buildSettings = {
				ASSETCATALOG_COMPILER_APPICON_NAME = AppIcon;
				INFOPLIST_FILE = "Gam'Insa/Info.plist";
				LD_RUNPATH_SEARCH_PATHS = "$(inherited) @executable_path/Frameworks";
				PRODUCT_NAME = "$(TARGET_NAME)";
			};
			name = Release;
		};
		2CEC22C41AA5F557003C46E2 /* Debug */ = {
			isa = XCBuildConfiguration;
			buildSettings = {
				BUNDLE_LOADER = "$(TEST_HOST)";
				FRAMEWORK_SEARCH_PATHS = (
					"$(SDKROOT)/Developer/Library/Frameworks",
					"$(inherited)",
				);
				GCC_PREPROCESSOR_DEFINITIONS = (
					"DEBUG=1",
					"$(inherited)",
				);
				INFOPLIST_FILE = "Gam'InsaTests/Info.plist";
				LD_RUNPATH_SEARCH_PATHS = "$(inherited) @executable_path/Frameworks @loader_path/Frameworks";
				PRODUCT_NAME = "$(TARGET_NAME)";
				TEST_HOST = "$(BUILT_PRODUCTS_DIR)/Gam'Insa.app/Gam'Insa";
			};
			name = Debug;
		};
		2CEC22C51AA5F557003C46E2 /* Release */ = {
			isa = XCBuildConfiguration;
			buildSettings = {
				BUNDLE_LOADER = "$(TEST_HOST)";
				FRAMEWORK_SEARCH_PATHS = (
					"$(SDKROOT)/Developer/Library/Frameworks",
					"$(inherited)",
				);
				INFOPLIST_FILE = "Gam'InsaTests/Info.plist";
				LD_RUNPATH_SEARCH_PATHS = "$(inherited) @executable_path/Frameworks @loader_path/Frameworks";
				PRODUCT_NAME = "$(TARGET_NAME)";
				TEST_HOST = "$(BUILT_PRODUCTS_DIR)/Gam'Insa.app/Gam'Insa";
			};
			name = Release;
		};
/* End XCBuildConfiguration section */

/* Begin XCConfigurationList section */
		2CEC22991AA5F557003C46E2 /* Build configuration list for PBXProject "Gam'Insa" */ = {
			isa = XCConfigurationList;
			buildConfigurations = (
				2CEC22BE1AA5F557003C46E2 /* Debug */,
				2CEC22BF1AA5F557003C46E2 /* Release */,
			);
			defaultConfigurationIsVisible = 0;
			defaultConfigurationName = Release;
		};
		2CEC22C01AA5F557003C46E2 /* Build configuration list for PBXNativeTarget "Gam'Insa" */ = {
			isa = XCConfigurationList;
			buildConfigurations = (
				2CEC22C11AA5F557003C46E2 /* Debug */,
				2CEC22C21AA5F557003C46E2 /* Release */,
			);
			defaultConfigurationIsVisible = 0;
			defaultConfigurationName = Release;
		};
		2CEC22C31AA5F557003C46E2 /* Build configuration list for PBXNativeTarget "Gam'InsaTests" */ = {
			isa = XCConfigurationList;
			buildConfigurations = (
				2CEC22C41AA5F557003C46E2 /* Debug */,
				2CEC22C51AA5F557003C46E2 /* Release */,
			);
			defaultConfigurationIsVisible = 0;
			defaultConfigurationName = Release;
		};
/* End XCConfigurationList section */

/* Begin XCVersionGroup section */
		2CEC22A51AA5F557003C46E2 /* Gam_Insa.xcdatamodeld */ = {
			isa = XCVersionGroup;
			children = (
				2CEC22A61AA5F557003C46E2 /* Gam_Insa.xcdatamodel */,
			);
			currentVersion = 2CEC22A61AA5F557003C46E2 /* Gam_Insa.xcdatamodel */;
			path = Gam_Insa.xcdatamodeld;
			sourceTree = "<group>";
			versionGroupType = wrapper.xcdatamodel;
		};
/* End XCVersionGroup section */
	};
	rootObject = 2CEC22961AA5F557003C46E2 /* Project object */;
}
